
Microsoft Visual Studio Solution File, Format Version 12.00
# Visual Studio Version 17
VisualStudioVersion = 17.10.35013.160
MinimumVisualStudioVersion = 10.0.40219.1
Project("{F2A71F9B-5D33-465A-A702-920D77279786}") = "FP_Lab1", "FP_Lab1\FP_Lab1.fsproj", "{3C903AEE-1FDE-4C67-9425-5FE3E4A6600E}"
EndProject
Global
	GlobalSection(SolutionConfigurationPlatforms) = preSolution
		Debug|Any CPU = Debug|Any CPU
		Release|Any CPU = Release|Any CPU
	EndGlobalSection
	GlobalSection(ProjectConfigurationPlatforms) = postSolution
		{3C903AEE-1FDE-4C67-9425-5FE3E4A6600E}.Debug|Any CPU.ActiveCfg = Debug|Any CPU
		{3C903AEE-1FDE-4C67-9425-5FE3E4A6600E}.Debug|Any CPU.Build.0 = Debug|Any CPU
		{3C903AEE-1FDE-4C67-9425-5FE3E4A6600E}.Release|Any CPU.ActiveCfg = Release|Any CPU
		{3C903AEE-1FDE-4C67-9425-5FE3E4A6600E}.Release|Any CPU.Build.0 = Release|Any CPU
	EndGlobalSection
	GlobalSection(SolutionProperties) = preSolution
		HideSolutionNode = FALSE
	EndGlobalSection
	GlobalSection(ExtensibilityGlobals) = postSolution
		SolutionGuid = {B9A8D8C0-5E73-4AD6-8AFC-374D37DF8128}
	EndGlobalSection
EndGlobal
